# This file is automatically @generated by Cargo.
# It is not intended for manual editing.
[[package]]
name = "hex"
version = "0.4.2"
source = "registry+https://github.com/rust-lang/crates.io-index"

[[package]]
name = "util"
version = "0.1.0"
dependencies = [
 "hex 0.4.2 (registry+https://github.com/rust-lang/crates.io-index)",
]

[metadata]
"checksum hex 0.4.2 (registry+https://github.com/rust-lang/crates.io-index)" = "644f9158b2f133fd50f5fb3242878846d9eb792e445c893805ff0e3824006e35"
