# This file is automatically @generated by Cargo.
# It is not intended for manual editing.
[[package]]
name = "arrayvec"
version = "0.5.1"
source = "registry+https://github.com/rust-lang/crates.io-index"

[[package]]
name = "binascii"
version = "0.1.3"
source = "registry+https://github.com/rust-lang/crates.io-index"

[[package]]
name = "bitbox02"
version = "0.1.0"
dependencies = [
 "bitbox02-sys 0.1.0",
]

[[package]]
name = "bitbox02-rust"
version = "0.1.0"
dependencies = [
 "arrayvec 0.5.1 (registry+https://github.com/rust-lang/crates.io-index)",
 "binascii 0.1.3 (registry+https://github.com/rust-lang/crates.io-index)",
 "bitbox02 0.1.0",
]

[[package]]
name = "bitbox02-sys"
version = "0.1.0"

[metadata]
"checksum arrayvec 0.5.1 (registry+https://github.com/rust-lang/crates.io-index)" = "cff77d8686867eceff3105329d4698d96c2391c176d5d03adc90c7389162b5b8"
"checksum binascii 0.1.3 (registry+https://github.com/rust-lang/crates.io-index)" = "bc52f59483d6f69fb024e61ac9f75b4bcfa4ef52ad0ae67ad4a3bbf257ddeef6"
